
Microsoft Visual Studio Solution File, Format Version 12.00
# Visual Studio Version 16
VisualStudioVersion = 16.0.31112.23
MinimumVisualStudioVersion = 10.0.40219.1
Project("{9A19103F-16F7-4668-BE54-9A1E7A4F7556}") = "RomerskasiffrorConverter", "RomerskasiffrorConverter\RomerskasiffrorConverter.csproj", "{0F690425-10DD-4924-A170-AD10C4470C30}"
EndProject
Project("{FAE04EC0-301F-11D3-BF4B-00C04F79EFBC}") = "ExtensionMethods", "ExtensionMethods\ExtensionMethods.csproj", "{4C6A24A1-044C-41E6-BBC4-71387844A73C}"
EndProject
Global
	GlobalSection(SolutionConfigurationPlatforms) = preSolution
		Debug|Any CPU = Debug|Any CPU
		Release|Any CPU = Release|Any CPU
	EndGlobalSection
	GlobalSection(ProjectConfigurationPlatforms) = postSolution
		{0F690425-10DD-4924-A170-AD10C4470C30}.Debug|Any CPU.ActiveCfg = Debug|Any CPU
		{0F690425-10DD-4924-A170-AD10C4470C30}.Debug|Any CPU.Build.0 = Debug|Any CPU
		{0F690425-10DD-4924-A170-AD10C4470C30}.Release|Any CPU.ActiveCfg = Release|Any CPU
		{0F690425-10DD-4924-A170-AD10C4470C30}.Release|Any CPU.Build.0 = Release|Any CPU
		{4C6A24A1-044C-41E6-BBC4-71387844A73C}.Debug|Any CPU.ActiveCfg = Debug|Any CPU
		{4C6A24A1-044C-41E6-BBC4-71387844A73C}.Debug|Any CPU.Build.0 = Debug|Any CPU
		{4C6A24A1-044C-41E6-BBC4-71387844A73C}.Release|Any CPU.ActiveCfg = Release|Any CPU
		{4C6A24A1-044C-41E6-BBC4-71387844A73C}.Release|Any CPU.Build.0 = Release|Any CPU
	EndGlobalSection
	GlobalSection(SolutionProperties) = preSolution
		HideSolutionNode = FALSE
	EndGlobalSection
	GlobalSection(ExtensibilityGlobals) = postSolution
		SolutionGuid = {B149F28C-9F1E-4D15-BB78-2FA8FFC6D2AC}
	EndGlobalSection
EndGlobal
